
Microsoft Visual Studio Solution File, Format Version 12.00
# Visual Studio Version 16
VisualStudioVersion = 16.0.31829.152
MinimumVisualStudioVersion = 10.0.40219.1
Project("{FAE04EC0-301F-11D3-BF4B-00C04F79EFBC}") = "Estudio201238", "Estudio201238\Estudio201238.csproj", "{995FE423-54B0-49A8-929B-27E6A0CE056C}"
EndProject
Global
	GlobalSection(SolutionConfigurationPlatforms) = preSolution
		Debug|Any CPU = Debug|Any CPU
		Release|Any CPU = Release|Any CPU
	EndGlobalSection
	GlobalSection(ProjectConfigurationPlatforms) = postSolution
		{995FE423-54B0-49A8-929B-27E6A0CE056C}.Debug|Any CPU.ActiveCfg = Debug|Any CPU
		{995FE423-54B0-49A8-929B-27E6A0CE056C}.Debug|Any CPU.Build.0 = Debug|Any CPU
		{995FE423-54B0-49A8-929B-27E6A0CE056C}.Release|Any CPU.ActiveCfg = Release|Any CPU
		{995FE423-54B0-49A8-929B-27E6A0CE056C}.Release|Any CPU.Build.0 = Release|Any CPU
	EndGlobalSection
	GlobalSection(SolutionProperties) = preSolution
		HideSolutionNode = FALSE
	EndGlobalSection
	GlobalSection(ExtensibilityGlobals) = postSolution
		SolutionGuid = {962D20F3-C74E-4411-BEAE-C5AD6AB10601}
	EndGlobalSection
EndGlobal
